
Microsoft Visual Studio Solution File, Format Version 12.00
Project("{FAE04EC0-301F-11D3-BF4B-00C04F79EFBC}") = "Personalinstructions", "Personalinstructions\Personalinstructions.csproj", "{739DB800-7BA2-4BD6-A96E-62294F5385DF}"
EndProject
Global
	GlobalSection(SolutionConfigurationPlatforms) = preSolution
		Debug|Any CPU = Debug|Any CPU
		Release|Any CPU = Release|Any CPU
	EndGlobalSection
	GlobalSection(ProjectConfigurationPlatforms) = postSolution
		{739DB800-7BA2-4BD6-A96E-62294F5385DF}.Debug|Any CPU.ActiveCfg = Debug|Any CPU
		{739DB800-7BA2-4BD6-A96E-62294F5385DF}.Debug|Any CPU.Build.0 = Debug|Any CPU
		{739DB800-7BA2-4BD6-A96E-62294F5385DF}.Release|Any CPU.ActiveCfg = Release|Any CPU
		{739DB800-7BA2-4BD6-A96E-62294F5385DF}.Release|Any CPU.Build.0 = Release|Any CPU
	EndGlobalSection
EndGlobal
